// !$*UTF8*$!
{
	archiveVersion = 1;
	classes = {
	};
	objectVersion = 50;
	objects = {

/* Begin PBXBuildFile section */
		FEC1B0C024DE3A8A00572AF5 /* AppDelegate.swift in Sources */ = {isa = PBXBuildFile; fileRef = FEC1B0BF24DE3A8A00572AF5 /* AppDelegate.swift */; };
		FEC1B0C224DE3A8A00572AF5 /* StartController.swift in Sources */ = {isa = PBXBuildFile; fileRef = FEC1B0C124DE3A8A00572AF5 /* StartController.swift */; };
		FEC1B0C524DE3A8A00572AF5 /* Main.storyboard in Resources */ = {isa = PBXBuildFile; fileRef = FEC1B0C324DE3A8A00572AF5 /* Main.storyboard */; };
		FEC1B0C824DE3A8A00572AF5 /* Roshanaambo.xcdatamodeld in Sources */ = {isa = PBXBuildFile; fileRef = FEC1B0C624DE3A8A00572AF5 /* Roshanaambo.xcdatamodeld */; };
		FEC1B0CA24DE3A8B00572AF5 /* Assets.xcassets in Resources */ = {isa = PBXBuildFile; fileRef = FEC1B0C924DE3A8B00572AF5 /* Assets.xcassets */; };
		FEC1B0CD24DE3A8B00572AF5 /* LaunchScreen.storyboard in Resources */ = {isa = PBXBuildFile; fileRef = FEC1B0CB24DE3A8B00572AF5 /* LaunchScreen.storyboard */; };
		FEC1B0D824DE3A8B00572AF5 /* RoshanaamboTests.swift in Sources */ = {isa = PBXBuildFile; fileRef = FEC1B0D724DE3A8B00572AF5 /* RoshanaamboTests.swift */; };
		FEC1B0E324DE3A8B00572AF5 /* RoshanaamboUITests.swift in Sources */ = {isa = PBXBuildFile; fileRef = FEC1B0E224DE3A8B00572AF5 /* RoshanaamboUITests.swift */; };
		FEC1B0F324DE3E4E00572AF5 /* ResultController.swift in Sources */ = {isa = PBXBuildFile; fileRef = FEC1B0F224DE3E4E00572AF5 /* ResultController.swift */; };
/* End PBXBuildFile section */

/* Begin PBXContainerItemProxy section */
		FEC1B0D424DE3A8B00572AF5 /* PBXContainerItemProxy */ = {
			isa = PBXContainerItemProxy;
			containerPortal = FEC1B0B424DE3A8A00572AF5 /* Project object */;
			proxyType = 1;
			remoteGlobalIDString = FEC1B0BB24DE3A8A00572AF5;
			remoteInfo = Roshanaambo;
		};
		FEC1B0DF24DE3A8B00572AF5 /* PBXContainerItemProxy */ = {
			isa = PBXContainerItemProxy;
			containerPortal = FEC1B0B424DE3A8A00572AF5 /* Project object */;
			proxyType = 1;
			remoteGlobalIDString = FEC1B0BB24DE3A8A00572AF5;
			remoteInfo = Roshanaambo;
		};
/* End PBXContainerItemProxy section */

/* Begin PBXFileReference section */
		FEC1B0BC24DE3A8A00572AF5 /* Roshanaambo.app */ = {isa = PBXFileReference; explicitFileType = wrapper.application; includeInIndex = 0; path = Roshanaambo.app; sourceTree = BUILT_PRODUCTS_DIR; };
		FEC1B0BF24DE3A8A00572AF5 /* AppDelegate.swift */ = {isa = PBXFileReference; lastKnownFileType = sourcecode.swift; path = AppDelegate.swift; sourceTree = "<group>"; };
		FEC1B0C124DE3A8A00572AF5 /* StartController.swift */ = {isa = PBXFileReference; lastKnownFileType = sourcecode.swift; path = StartController.swift; sourceTree = "<group>"; };
		FEC1B0C424DE3A8A00572AF5 /* Base */ = {isa = PBXFileReference; lastKnownFileType = file.storyboard; name = Base; path = Base.lproj/Main.storyboard; sourceTree = "<group>"; };
		FEC1B0C724DE3A8A00572AF5 /* Roshanaambo.xcdatamodel */ = {isa = PBXFileReference; lastKnownFileType = wrapper.xcdatamodel; path = Roshanaambo.xcdatamodel; sourceTree = "<group>"; };
		FEC1B0C924DE3A8B00572AF5 /* Assets.xcassets */ = {isa = PBXFileReference; lastKnownFileType = folder.assetcatalog; path = Assets.xcassets; sourceTree = "<group>"; };
		FEC1B0CC24DE3A8B00572AF5 /* Base */ = {isa = PBXFileReference; lastKnownFileType = file.storyboard; name = Base; path = Base.lproj/LaunchScreen.storyboard; sourceTree = "<group>"; };
		FEC1B0CE24DE3A8B00572AF5 /* Info.plist */ = {isa = PBXFileReference; lastKnownFileType = text.plist.xml; path = Info.plist; sourceTree = "<group>"; };
		FEC1B0D324DE3A8B00572AF5 /* RoshanaamboTests.xctest */ = {isa = PBXFileReference; explicitFileType = wrapper.cfbundle; includeInIndex = 0; path = RoshanaamboTests.xctest; sourceTree = BUILT_PRODUCTS_DIR; };
		FEC1B0D724DE3A8B00572AF5 /* RoshanaamboTests.swift */ = {isa = PBXFileReference; lastKnownFileType = sourcecode.swift; path = RoshanaamboTests.swift; sourceTree = "<group>"; };
		FEC1B0D924DE3A8B00572AF5 /* Info.plist */ = {isa = PBXFileReference; lastKnownFileType = text.plist.xml; path = Info.plist; sourceTree = "<group>"; };
		FEC1B0DE24DE3A8B00572AF5 /* RoshanaamboUITests.xctest */ = {isa = PBXFileReference; explicitFileType = wrapper.cfbundle; includeInIndex = 0; path = RoshanaamboUITests.xctest; sourceTree = BUILT_PRODUCTS_DIR; };
		FEC1B0E224DE3A8B00572AF5 /* RoshanaamboUITests.swift */ = {isa = PBXFileReference; lastKnownFileType = sourcecode.swift; path = RoshanaamboUITests.swift; sourceTree = "<group>"; };
		FEC1B0E424DE3A8B00572AF5 /* Info.plist */ = {isa = PBXFileReference; lastKnownFileType = text.plist.xml; path = Info.plist; sourceTree = "<group>"; };
		FEC1B0F224DE3E4E00572AF5 /* ResultController.swift */ = {isa = PBXFileReference; lastKnownFileType = sourcecode.swift; path = ResultController.swift; sourceTree = "<group>"; };
/* End PBXFileReference section */

/* Begin PBXFrameworksBuildPhase section */
		FEC1B0B924DE3A8A00572AF5 /* Frameworks */ = {
			isa = PBXFrameworksBuildPhase;
			buildActionMask = 2147483647;
			files = (
			);
			runOnlyForDeploymentPostprocessing = 0;
		};
		FEC1B0D024DE3A8B00572AF5 /* Frameworks */ = {
			isa = PBXFrameworksBuildPhase;
			buildActionMask = 2147483647;
			files = (
			);
			runOnlyForDeploymentPostprocessing = 0;
		};
		FEC1B0DB24DE3A8B00572AF5 /* Frameworks */ = {
			isa = PBXFrameworksBuildPhase;
			buildActionMask = 2147483647;
			files = (
			);
			runOnlyForDeploymentPostprocessing = 0;
		};
/* End PBXFrameworksBuildPhase section */

/* Begin PBXGroup section */
		FEC1B0B324DE3A8A00572AF5 = {
			isa = PBXGroup;
			children = (
				FEC1B0BE24DE3A8A00572AF5 /* Roshanaambo */,
				FEC1B0D624DE3A8B00572AF5 /* RoshanaamboTests */,
				FEC1B0E124DE3A8B00572AF5 /* RoshanaamboUITests */,
				FEC1B0BD24DE3A8A00572AF5 /* Products */,
			);
			sourceTree = "<group>";
		};
		FEC1B0BD24DE3A8A00572AF5 /* Products */ = {
			isa = PBXGroup;
			children = (
				FEC1B0BC24DE3A8A00572AF5 /* Roshanaambo.app */,
				FEC1B0D324DE3A8B00572AF5 /* RoshanaamboTests.xctest */,
				FEC1B0DE24DE3A8B00572AF5 /* RoshanaamboUITests.xctest */,
			);
			name = Products;
			sourceTree = "<group>";
		};
		FEC1B0BE24DE3A8A00572AF5 /* Roshanaambo */ = {
			isa = PBXGroup;
			children = (
				FEC1B0BF24DE3A8A00572AF5 /* AppDelegate.swift */,
				FEC1B0C124DE3A8A00572AF5 /* StartController.swift */,
				FEC1B0C324DE3A8A00572AF5 /* Main.storyboard */,
				FEC1B0F224DE3E4E00572AF5 /* ResultController.swift */,
				FEC1B0C924DE3A8B00572AF5 /* Assets.xcassets */,
				FEC1B0CB24DE3A8B00572AF5 /* LaunchScreen.storyboard */,
				FEC1B0CE24DE3A8B00572AF5 /* Info.plist */,
				FEC1B0C624DE3A8A00572AF5 /* Roshanaambo.xcdatamodeld */,
			);
			path = Roshanaambo;
			sourceTree = "<group>";
		};
		FEC1B0D624DE3A8B00572AF5 /* RoshanaamboTests */ = {
			isa = PBXGroup;
			children = (
				FEC1B0D724DE3A8B00572AF5 /* RoshanaamboTests.swift */,
				FEC1B0D924DE3A8B00572AF5 /* Info.plist */,
			);
			path = RoshanaamboTests;
			sourceTree = "<group>";
		};
		FEC1B0E124DE3A8B00572AF5 /* RoshanaamboUITests */ = {
			isa = PBXGroup;
			children = (
				FEC1B0E224DE3A8B00572AF5 /* RoshanaamboUITests.swift */,
				FEC1B0E424DE3A8B00572AF5 /* Info.plist */,
			);
			path = RoshanaamboUITests;
			sourceTree = "<group>";
		};
/* End PBXGroup section */

/* Begin PBXNativeTarget section */
		FEC1B0BB24DE3A8A00572AF5 /* Roshanaambo */ = {
			isa = PBXNativeTarget;
			buildConfigurationList = FEC1B0E724DE3A8B00572AF5 /* Build configuration list for PBXNativeTarget "Roshanaambo" */;
			buildPhases = (
				FEC1B0B824DE3A8A00572AF5 /* Sources */,
				FEC1B0B924DE3A8A00572AF5 /* Frameworks */,
				FEC1B0BA24DE3A8A00572AF5 /* Resources */,
			);
			buildRules = (
			);
			dependencies = (
			);
			name = Roshanaambo;
			productName = Roshanaambo;
			productReference = FEC1B0BC24DE3A8A00572AF5 /* Roshanaambo.app */;
			productType = "com.apple.product-type.application";
		};
		FEC1B0D224DE3A8B00572AF5 /* RoshanaamboTests */ = {
			isa = PBXNativeTarget;
			buildConfigurationList = FEC1B0EA24DE3A8B00572AF5 /* Build configuration list for PBXNativeTarget "RoshanaamboTests" */;
			buildPhases = (
				FEC1B0CF24DE3A8B00572AF5 /* Sources */,
				FEC1B0D024DE3A8B00572AF5 /* Frameworks */,
				FEC1B0D124DE3A8B00572AF5 /* Resources */,
			);
			buildRules = (
			);
			dependencies = (
				FEC1B0D524DE3A8B00572AF5 /* PBXTargetDependency */,
			);
			name = RoshanaamboTests;
			productName = RoshanaamboTests;
			productReference = FEC1B0D324DE3A8B00572AF5 /* RoshanaamboTests.xctest */;
			productType = "com.apple.product-type.bundle.unit-test";
		};
		FEC1B0DD24DE3A8B00572AF5 /* RoshanaamboUITests */ = {
			isa = PBXNativeTarget;
			buildConfigurationList = FEC1B0ED24DE3A8B00572AF5 /* Build configuration list for PBXNativeTarget "RoshanaamboUITests" */;
			buildPhases = (
				FEC1B0DA24DE3A8B00572AF5 /* Sources */,
				FEC1B0DB24DE3A8B00572AF5 /* Frameworks */,
				FEC1B0DC24DE3A8B00572AF5 /* Resources */,
			);
			buildRules = (
			);
			dependencies = (
				FEC1B0E024DE3A8B00572AF5 /* PBXTargetDependency */,
			);
			name = RoshanaamboUITests;
			productName = RoshanaamboUITests;
			productReference = FEC1B0DE24DE3A8B00572AF5 /* RoshanaamboUITests.xctest */;
			productType = "com.apple.product-type.bundle.ui-testing";
		};
/* End PBXNativeTarget section */

/* Begin PBXProject section */
		FEC1B0B424DE3A8A00572AF5 /* Project object */ = {
			isa = PBXProject;
			attributes = {
				LastSwiftUpdateCheck = 1010;
				LastUpgradeCheck = 1010;
				ORGANIZATIONNAME = Udacity;
				TargetAttributes = {
					FEC1B0BB24DE3A8A00572AF5 = {
						CreatedOnToolsVersion = 10.1;
					};
					FEC1B0D224DE3A8B00572AF5 = {
						CreatedOnToolsVersion = 10.1;
						TestTargetID = FEC1B0BB24DE3A8A00572AF5;
					};
					FEC1B0DD24DE3A8B00572AF5 = {
						CreatedOnToolsVersion = 10.1;
						TestTargetID = FEC1B0BB24DE3A8A00572AF5;
					};
				};
			};
			buildConfigurationList = FEC1B0B724DE3A8A00572AF5 /* Build configuration list for PBXProject "Roshanaambo" */;
			compatibilityVersion = "Xcode 9.3";
			developmentRegion = en;
			hasScannedForEncodings = 0;
			knownRegions = (
				en,
				Base,
			);
			mainGroup = FEC1B0B324DE3A8A00572AF5;
			productRefGroup = FEC1B0BD24DE3A8A00572AF5 /* Products */;
			projectDirPath = "";
			projectRoot = "";
			targets = (
				FEC1B0BB24DE3A8A00572AF5 /* Roshanaambo */,
				FEC1B0D224DE3A8B00572AF5 /* RoshanaamboTests */,
				FEC1B0DD24DE3A8B00572AF5 /* RoshanaamboUITests */,
			);
		};
/* End PBXProject section */

/* Begin PBXResourcesBuildPhase section */
		FEC1B0BA24DE3A8A00572AF5 /* Resources */ = {
			isa = PBXResourcesBuildPhase;
			buildActionMask = 2147483647;
			files = (
				FEC1B0CD24DE3A8B00572AF5 /* LaunchScreen.storyboard in Resources */,
				FEC1B0CA24DE3A8B00572AF5 /* Assets.xcassets in Resources */,
				FEC1B0C524DE3A8A00572AF5 /* Main.storyboard in Resources */,
			);
			runOnlyForDeploymentPostprocessing = 0;
		};
		FEC1B0D124DE3A8B00572AF5 /* Resources */ = {
			isa = PBXResourcesBuildPhase;
			buildActionMask = 2147483647;
			files = (
			);
			runOnlyForDeploymentPostprocessing = 0;
		};
		FEC1B0DC24DE3A8B00572AF5 /* Resources */ = {
			isa = PBXResourcesBuildPhase;
			buildActionMask = 2147483647;
			files = (
			);
			runOnlyForDeploymentPostprocessing = 0;
		};
/* End PBXResourcesBuildPhase section */

/* Begin PBXSourcesBuildPhase section */
		FEC1B0B824DE3A8A00572AF5 /* Sources */ = {
			isa = PBXSourcesBuildPhase;
			buildActionMask = 2147483647;
			files = (
				FEC1B0F324DE3E4E00572AF5 /* ResultController.swift in Sources */,
				FEC1B0C224DE3A8A00572AF5 /* StartController.swift in Sources */,
				FEC1B0C824DE3A8A00572AF5 /* Roshanaambo.xcdatamodeld in Sources */,
				FEC1B0C024DE3A8A00572AF5 /* AppDelegate.swift in Sources */,
			);
			runOnlyForDeploymentPostprocessing = 0;
		};
		FEC1B0CF24DE3A8B00572AF5 /* Sources */ = {
			isa = PBXSourcesBuildPhase;
			buildActionMask = 2147483647;
			files = (
				FEC1B0D824DE3A8B00572AF5 /* RoshanaamboTests.swift in Sources */,
			);
			runOnlyForDeploymentPostprocessing = 0;
		};
		FEC1B0DA24DE3A8B00572AF5 /* Sources */ = {
			isa = PBXSourcesBuildPhase;
			buildActionMask = 2147483647;
			files = (
				FEC1B0E324DE3A8B00572AF5 /* RoshanaamboUITests.swift in Sources */,
			);
			runOnlyForDeploymentPostprocessing = 0;
		};
/* End PBXSourcesBuildPhase section */

/* Begin PBXTargetDependency section */
		FEC1B0D524DE3A8B00572AF5 /* PBXTargetDependency */ = {
			isa = PBXTargetDependency;
			target = FEC1B0BB24DE3A8A00572AF5 /* Roshanaambo */;
			targetProxy = FEC1B0D424DE3A8B00572AF5 /* PBXContainerItemProxy */;
		};
		FEC1B0E024DE3A8B00572AF5 /* PBXTargetDependency */ = {
			isa = PBXTargetDependency;
			target = FEC1B0BB24DE3A8A00572AF5 /* Roshanaambo */;
			targetProxy = FEC1B0DF24DE3A8B00572AF5 /* PBXContainerItemProxy */;
		};
/* End PBXTargetDependency section */

/* Begin PBXVariantGroup section */
		FEC1B0C324DE3A8A00572AF5 /* Main.storyboard */ = {
			isa = PBXVariantGroup;
			children = (
				FEC1B0C424DE3A8A00572AF5 /* Base */,
			);
			name = Main.storyboard;
			sourceTree = "<group>";
		};
		FEC1B0CB24DE3A8B00572AF5 /* LaunchScreen.storyboard */ = {
			isa = PBXVariantGroup;
			children = (
				FEC1B0CC24DE3A8B00572AF5 /* Base */,
			);
			name = LaunchScreen.storyboard;
			sourceTree = "<group>";
		};
/* End PBXVariantGroup section */

/* Begin XCBuildConfiguration section */
		FEC1B0E524DE3A8B00572AF5 /* Debug */ = {
			isa = XCBuildConfiguration;
			buildSettings = {
				ALWAYS_SEARCH_USER_PATHS = NO;
				CLANG_ANALYZER_NONNULL = YES;
				CLANG_ANALYZER_NUMBER_OBJECT_CONVERSION = YES_AGGRESSIVE;
				CLANG_CXX_LANGUAGE_STANDARD = "gnu++14";
				CLANG_CXX_LIBRARY = "libc++";
				CLANG_ENABLE_MODULES = YES;
				CLANG_ENABLE_OBJC_ARC = YES;
				CLANG_ENABLE_OBJC_WEAK = YES;
				CLANG_WARN_BLOCK_CAPTURE_AUTORELEASING = YES;
				CLANG_WARN_BOOL_CONVERSION = YES;
				CLANG_WARN_COMMA = YES;
				CLANG_WARN_CONSTANT_CONVERSION = YES;
				CLANG_WARN_DEPRECATED_OBJC_IMPLEMENTATIONS = YES;
				CLANG_WARN_DIRECT_OBJC_ISA_USAGE = YES_ERROR;
				CLANG_WARN_DOCUMENTATION_COMMENTS = YES;
				CLANG_WARN_EMPTY_BODY = YES;
				CLANG_WARN_ENUM_CONVERSION = YES;
				CLANG_WARN_INFINITE_RECURSION = YES;
				CLANG_WARN_INT_CONVERSION = YES;
				CLANG_WARN_NON_LITERAL_NULL_CONVERSION = YES;
				CLANG_WARN_OBJC_IMPLICIT_RETAIN_SELF = YES;
				CLANG_WARN_OBJC_LITERAL_CONVERSION = YES;
				CLANG_WARN_OBJC_ROOT_CLASS = YES_ERROR;
				CLANG_WARN_RANGE_LOOP_ANALYSIS = YES;
				CLANG_WARN_STRICT_PROTOTYPES = YES;
				CLANG_WARN_SUSPICIOUS_MOVE = YES;
				CLANG_WARN_UNGUARDED_AVAILABILITY = YES_AGGRESSIVE;
				CLANG_WARN_UNREACHABLE_CODE = YES;
				CLANG_WARN__DUPLICATE_METHOD_MATCH = YES;
				CODE_SIGN_IDENTITY = "iPhone Developer";
				COPY_PHASE_STRIP = NO;
				DEBUG_INFORMATION_FORMAT = dwarf;
				ENABLE_STRICT_OBJC_MSGSEND = YES;
				ENABLE_TESTABILITY = YES;
				GCC_C_LANGUAGE_STANDARD = gnu11;
				GCC_DYNAMIC_NO_PIC = NO;
				GCC_NO_COMMON_BLOCKS = YES;
				GCC_OPTIMIZATION_LEVEL = 0;
				GCC_PREPROCESSOR_DEFINITIONS = (
					"DEBUG=1",
					"$(inherited)",
				);
				GCC_WARN_64_TO_32_BIT_CONVERSION = YES;
				GCC_WARN_ABOUT_RETURN_TYPE = YES_ERROR;
				GCC_WARN_UNDECLARED_SELECTOR = YES;
				GCC_WARN_UNINITIALIZED_AUTOS = YES_AGGRESSIVE;
				GCC_WARN_UNUSED_FUNCTION = YES;
				GCC_WARN_UNUSED_VARIABLE = YES;
				IPHONEOS_DEPLOYMENT_TARGET = 12.1;
				MTL_ENABLE_DEBUG_INFO = INCLUDE_SOURCE;
				MTL_FAST_MATH = YES;
				ONLY_ACTIVE_ARCH = YES;
				SDKROOT = iphoneos;
				SWIFT_ACTIVE_COMPILATION_CONDITIONS = DEBUG;
				SWIFT_OPTIMIZATION_LEVEL = "-Onone";
			};
			name = Debug;
		};
		FEC1B0E624DE3A8B00572AF5 /* Release */ = {
			isa = XCBuildConfiguration;
			buildSettings = {
				ALWAYS_SEARCH_USER_PATHS = NO;
				CLANG_ANALYZER_NONNULL = YES;
				CLANG_ANALYZER_NUMBER_OBJECT_CONVERSION = YES_AGGRESSIVE;
				CLANG_CXX_LANGUAGE_STANDARD = "gnu++14";
				CLANG_CXX_LIBRARY = "libc++";
				CLANG_ENABLE_MODULES = YES;
				CLANG_ENABLE_OBJC_ARC = YES;
				CLANG_ENABLE_OBJC_WEAK = YES;
				CLANG_WARN_BLOCK_CAPTURE_AUTORELEASING = YES;
				CLANG_WARN_BOOL_CONVERSION = YES;
				CLANG_WARN_COMMA = YES;
				CLANG_WARN_CONSTANT_CONVERSION = YES;
				CLANG_WARN_DEPRECATED_OBJC_IMPLEMENTATIONS = YES;
				CLANG_WARN_DIRECT_OBJC_ISA_USAGE = YES_ERROR;
				CLANG_WARN_DOCUMENTATION_COMMENTS = YES;
				CLANG_WARN_EMPTY_BODY = YES;
				CLANG_WARN_ENUM_CONVERSION = YES;
				CLANG_WARN_INFINITE_RECURSION = YES;
				CLANG_WARN_INT_CONVERSION = YES;
				CLANG_WARN_NON_LITERAL_NULL_CONVERSION = YES;
				CLANG_WARN_OBJC_IMPLICIT_RETAIN_SELF = YES;
				CLANG_WARN_OBJC_LITERAL_CONVERSION = YES;
				CLANG_WARN_OBJC_ROOT_CLASS = YES_ERROR;
				CLANG_WARN_RANGE_LOOP_ANALYSIS = YES;
				CLANG_WARN_STRICT_PROTOTYPES = YES;
				CLANG_WARN_SUSPICIOUS_MOVE = YES;
				CLANG_WARN_UNGUARDED_AVAILABILITY = YES_AGGRESSIVE;
				CLANG_WARN_UNREACHABLE_CODE = YES;
				CLANG_WARN__DUPLICATE_METHOD_MATCH = YES;
				CODE_SIGN_IDENTITY = "iPhone Developer";
				COPY_PHASE_STRIP = NO;
				DEBUG_INFORMATION_FORMAT = "dwarf-with-dsym";
				ENABLE_NS_ASSERTIONS = NO;
				ENABLE_STRICT_OBJC_MSGSEND = YES;
				GCC_C_LANGUAGE_STANDARD = gnu11;
				GCC_NO_COMMON_BLOCKS = YES;
				GCC_WARN_64_TO_32_BIT_CONVERSION = YES;
				GCC_WARN_ABOUT_RETURN_TYPE = YES_ERROR;
				GCC_WARN_UNDECLARED_SELECTOR = YES;
				GCC_WARN_UNINITIALIZED_AUTOS = YES_AGGRESSIVE;
				GCC_WARN_UNUSED_FUNCTION = YES;
				GCC_WARN_UNUSED_VARIABLE = YES;
				IPHONEOS_DEPLOYMENT_TARGET = 12.1;
				MTL_ENABLE_DEBUG_INFO = NO;
				MTL_FAST_MATH = YES;
				SDKROOT = iphoneos;
				SWIFT_COMPILATION_MODE = wholemodule;
				SWIFT_OPTIMIZATION_LEVEL = "-O";
				VALIDATE_PRODUCT = YES;
			};
			name = Release;
		};
		FEC1B0E824DE3A8B00572AF5 /* Debug */ = {
			isa = XCBuildConfiguration;
			buildSettings = {
				ASSETCATALOG_COMPILER_APPICON_NAME = AppIcon;
				CODE_SIGN_STYLE = Automatic;
				INFOPLIST_FILE = Roshanaambo/Info.plist;
				LD_RUNPATH_SEARCH_PATHS = (
					"$(inherited)",
					"@executable_path/Frameworks",
				);
				PRODUCT_BUNDLE_IDENTIFIER = com.udacity.Roshanaambo;
				PRODUCT_NAME = "$(TARGET_NAME)";
				SWIFT_VERSION = 4.2;
				TARGETED_DEVICE_FAMILY = "1,2";
			};
			name = Debug;
		};
		FEC1B0E924DE3A8B00572AF5 /* Release */ = {
			isa = XCBuildConfiguration;
			buildSettings = {
				ASSETCATALOG_COMPILER_APPICON_NAME = AppIcon;
				CODE_SIGN_STYLE = Automatic;
				INFOPLIST_FILE = Roshanaambo/Info.plist;
				LD_RUNPATH_SEARCH_PATHS = (
					"$(inherited)",
					"@executable_path/Frameworks",
				);
				PRODUCT_BUNDLE_IDENTIFIER = com.udacity.Roshanaambo;
				PRODUCT_NAME = "$(TARGET_NAME)";
				SWIFT_VERSION = 4.2;
				TARGETED_DEVICE_FAMILY = "1,2";
			};
			name = Release;
		};
		FEC1B0EB24DE3A8B00572AF5 /* Debug */ = {
			isa = XCBuildConfiguration;
			buildSettings = {
				ALWAYS_EMBED_SWIFT_STANDARD_LIBRARIES = YES;
				BUNDLE_LOADER = "$(TEST_HOST)";
				CODE_SIGN_STYLE = Automatic;
				INFOPLIST_FILE = RoshanaamboTests/Info.plist;
				LD_RUNPATH_SEARCH_PATHS = (
					"$(inherited)",
					"@executable_path/Frameworks",
					"@loader_path/Frameworks",
				);
				PRODUCT_BUNDLE_IDENTIFIER = com.udacity.RoshanaamboTests;
				PRODUCT_NAME = "$(TARGET_NAME)";
				SWIFT_VERSION = 4.2;
				TARGETED_DEVICE_FAMILY = "1,2";
				TEST_HOST = "$(BUILT_PRODUCTS_DIR)/Roshanaambo.app/Roshanaambo";
			};
			name = Debug;
		};
		FEC1B0EC24DE3A8B00572AF5 /* Release */ = {
			isa = XCBuildConfiguration;
			buildSettings = {
				ALWAYS_EMBED_SWIFT_STANDARD_LIBRARIES = YES;
				BUNDLE_LOADER = "$(TEST_HOST)";
				CODE_SIGN_STYLE = Automatic;
				INFOPLIST_FILE = RoshanaamboTests/Info.plist;
				LD_RUNPATH_SEARCH_PATHS = (
					"$(inherited)",
					"@executable_path/Frameworks",
					"@loader_path/Frameworks",
				);
				PRODUCT_BUNDLE_IDENTIFIER = com.udacity.RoshanaamboTests;
				PRODUCT_NAME = "$(TARGET_NAME)";
				SWIFT_VERSION = 4.2;
				TARGETED_DEVICE_FAMILY = "1,2";
				TEST_HOST = "$(BUILT_PRODUCTS_DIR)/Roshanaambo.app/Roshanaambo";
			};
			name = Release;
		};
		FEC1B0EE24DE3A8B00572AF5 /* Debug */ = {
			isa = XCBuildConfiguration;
			buildSettings = {
				ALWAYS_EMBED_SWIFT_STANDARD_LIBRARIES = YES;
				CODE_SIGN_STYLE = Automatic;
				INFOPLIST_FILE = RoshanaamboUITests/Info.plist;
				LD_RUNPATH_SEARCH_PATHS = (
					"$(inherited)",
					"@executable_path/Frameworks",
					"@loader_path/Frameworks",
				);
				PRODUCT_BUNDLE_IDENTIFIER = com.udacity.RoshanaamboUITests;
				PRODUCT_NAME = "$(TARGET_NAME)";
				SWIFT_VERSION = 4.2;
				TARGETED_DEVICE_FAMILY = "1,2";
				TEST_TARGET_NAME = Roshanaambo;
			};
			name = Debug;
		};
		FEC1B0EF24DE3A8B00572AF5 /* Release */ = {
			isa = XCBuildConfiguration;
			buildSettings = {
				ALWAYS_EMBED_SWIFT_STANDARD_LIBRARIES = YES;
				CODE_SIGN_STYLE = Automatic;
				INFOPLIST_FILE = RoshanaamboUITests/Info.plist;
				LD_RUNPATH_SEARCH_PATHS = (
					"$(inherited)",
					"@executable_path/Frameworks",
					"@loader_path/Frameworks",
				);
				PRODUCT_BUNDLE_IDENTIFIER = com.udacity.RoshanaamboUITests;
				PRODUCT_NAME = "$(TARGET_NAME)";
				SWIFT_VERSION = 4.2;
				TARGETED_DEVICE_FAMILY = "1,2";
				TEST_TARGET_NAME = Roshanaambo;
			};
			name = Release;
		};
/* End XCBuildConfiguration section */

/* Begin XCConfigurationList section */
		FEC1B0B724DE3A8A00572AF5 /* Build configuration list for PBXProject "Roshanaambo" */ = {
			isa = XCConfigurationList;
			buildConfigurations = (
				FEC1B0E524DE3A8B00572AF5 /* Debug */,
				FEC1B0E624DE3A8B00572AF5 /* Release */,
			);
			defaultConfigurationIsVisible = 0;
			defaultConfigurationName = Release;
		};
		FEC1B0E724DE3A8B00572AF5 /* Build configuration list for PBXNativeTarget "Roshanaambo" */ = {
			isa = XCConfigurationList;
			buildConfigurations = (
				FEC1B0E824DE3A8B00572AF5 /* Debug */,
				FEC1B0E924DE3A8B00572AF5 /* Release */,
			);
			defaultConfigurationIsVisible = 0;
			defaultConfigurationName = Release;
		};
		FEC1B0EA24DE3A8B00572AF5 /* Build configuration list for PBXNativeTarget "RoshanaamboTests" */ = {
			isa = XCConfigurationList;
			buildConfigurations = (
				FEC1B0EB24DE3A8B00572AF5 /* Debug */,
				FEC1B0EC24DE3A8B00572AF5 /* Release */,
			);
			defaultConfigurationIsVisible = 0;
			defaultConfigurationName = Release;
		};
		FEC1B0ED24DE3A8B00572AF5 /* Build configuration list for PBXNativeTarget "RoshanaamboUITests" */ = {
			isa = XCConfigurationList;
			buildConfigurations = (
				FEC1B0EE24DE3A8B00572AF5 /* Debug */,
				FEC1B0EF24DE3A8B00572AF5 /* Release */,
			);
			defaultConfigurationIsVisible = 0;
			defaultConfigurationName = Release;
		};
/* End XCConfigurationList section */

/* Begin XCVersionGroup section */
		FEC1B0C624DE3A8A00572AF5 /* Roshanaambo.xcdatamodeld */ = {
			isa = XCVersionGroup;
			children = (
				FEC1B0C724DE3A8A00572AF5 /* Roshanaambo.xcdatamodel */,
			);
			currentVersion = FEC1B0C724DE3A8A00572AF5 /* Roshanaambo.xcdatamodel */;
			path = Roshanaambo.xcdatamodeld;
			sourceTree = "<group>";
			versionGroupType = wrapper.xcdatamodel;
		};
/* End XCVersionGroup section */
	};
	rootObject = FEC1B0B424DE3A8A00572AF5 /* Project object */;
}
